github.com/go-sql-driver/mysql v1.5.0 h1:ozyZYNQW3x3HtqT1jira07DN2PArx2v7/mN66gGcHOs=
github.com/go-sql-driver/mysql v1.5.0/go.mod h1:DCzpHaOWr8IXmIStZouvnhqoel9Qv2LBy8hT2VhHyBg=
github.com/gorilla/mux v1.8.0 h1:i40aqfkR1h2SlN9hojwV5ZA91wcXFOvkdNIeFDP5koI=
github.com/gorilla/mux v1.8.0/go.mod h1:DVbg23sWSpFRCP0SfiEN6jmj59UnW/n46BH5rLB71So=
github.com/souvikhaldar/noteledger v0.0.0-20200914111331-b15747cea606 h1:1E7KnJk1JtHoWUzOe+J7HO4yQTTMtkv8UYlazGarZWk=
github.com/souvikhaldar/noteledger v0.0.0-20200914111331-b15747cea606/go.mod h1:vbrwo0oe6kc//Zym76D8gVtG+4nnjbsl/+BaMZCTzV4=
